// !$*UTF8*$!
{
	archiveVersion = 1;
	classes = {
	};
	objectVersion = 50;
	objects = {

/* Begin PBXBuildFile section */
		D8DDF3F0E3ED26826146C8D4 /* Pods_Checklist.framework in Frameworks */ = {isa = PBXBuildFile; fileRef = 17DBBDACC8FAA11F8154A5BF /* Pods_Checklist.framework */; };
		DC6A4D2E21532BCF006038B8 /* AppDelegate.swift in Sources */ = {isa = PBXBuildFile; fileRef = DC6A4D2D21532BCF006038B8 /* AppDelegate.swift */; };
		DC6A4D3021532BCF006038B8 /* ChecklistViewController.swift in Sources */ = {isa = PBXBuildFile; fileRef = DC6A4D2F21532BCF006038B8 /* ChecklistViewController.swift */; };
		DC6A4D3321532BCF006038B8 /* Main.storyboard in Resources */ = {isa = PBXBuildFile; fileRef = DC6A4D3121532BCF006038B8 /* Main.storyboard */; };
		DC6A4D3521532BD0006038B8 /* Assets.xcassets in Resources */ = {isa = PBXBuildFile; fileRef = DC6A4D3421532BD0006038B8 /* Assets.xcassets */; };
		DC6A4D3821532BD0006038B8 /* LaunchScreen.storyboard in Resources */ = {isa = PBXBuildFile; fileRef = DC6A4D3621532BD0006038B8 /* LaunchScreen.storyboard */; };
		DC8AB24621564346009FED65 /* AddItemTableViewController.swift in Sources */ = {isa = PBXBuildFile; fileRef = DC8AB24521564346009FED65 /* AddItemTableViewController.swift */; };
		DC955D442153D90A00E3E147 /* ChecklistItem.swift in Sources */ = {isa = PBXBuildFile; fileRef = DC955D432153D90A00E3E147 /* ChecklistItem.swift */; };
		DCE0312B21546FF500477AB7 /* Todolist.swift in Sources */ = {isa = PBXBuildFile; fileRef = DCE0312A21546FF500477AB7 /* Todolist.swift */; };
/* End PBXBuildFile section */

/* Begin PBXFileReference section */
		17DBBDACC8FAA11F8154A5BF /* Pods_Checklist.framework */ = {isa = PBXFileReference; explicitFileType = wrapper.framework; includeInIndex = 0; path = Pods_Checklist.framework; sourceTree = BUILT_PRODUCTS_DIR; };
		285CE4ADEA3E1C1030B33F1D /* Pods-Checklist.debug.xcconfig */ = {isa = PBXFileReference; includeInIndex = 1; lastKnownFileType = text.xcconfig; name = "Pods-Checklist.debug.xcconfig"; path = "Target Support Files/Pods-Checklist/Pods-Checklist.debug.xcconfig"; sourceTree = "<group>"; };
		2B6DC592E389FBC5E87A5B6C /* Pods-Checklist.release.xcconfig */ = {isa = PBXFileReference; includeInIndex = 1; lastKnownFileType = text.xcconfig; name = "Pods-Checklist.release.xcconfig"; path = "Target Support Files/Pods-Checklist/Pods-Checklist.release.xcconfig"; sourceTree = "<group>"; };
		DC6A4D2A21532BCF006038B8 /* Checklist.app */ = {isa = PBXFileReference; explicitFileType = wrapper.application; includeInIndex = 0; path = Checklist.app; sourceTree = BUILT_PRODUCTS_DIR; };
		DC6A4D2D21532BCF006038B8 /* AppDelegate.swift */ = {isa = PBXFileReference; lastKnownFileType = sourcecode.swift; path = AppDelegate.swift; sourceTree = "<group>"; };
		DC6A4D2F21532BCF006038B8 /* ChecklistViewController.swift */ = {isa = PBXFileReference; lastKnownFileType = sourcecode.swift; path = ChecklistViewController.swift; sourceTree = "<group>"; };
		DC6A4D3221532BCF006038B8 /* Base */ = {isa = PBXFileReference; lastKnownFileType = file.storyboard; name = Base; path = Base.lproj/Main.storyboard; sourceTree = "<group>"; };
		DC6A4D3421532BD0006038B8 /* Assets.xcassets */ = {isa = PBXFileReference; lastKnownFileType = folder.assetcatalog; path = Assets.xcassets; sourceTree = "<group>"; };
		DC6A4D3721532BD0006038B8 /* Base */ = {isa = PBXFileReference; lastKnownFileType = file.storyboard; name = Base; path = Base.lproj/LaunchScreen.storyboard; sourceTree = "<group>"; };
		DC6A4D3921532BD0006038B8 /* Info.plist */ = {isa = PBXFileReference; lastKnownFileType = text.plist.xml; path = Info.plist; sourceTree = "<group>"; };
		DC8AB24521564346009FED65 /* AddItemTableViewController.swift */ = {isa = PBXFileReference; lastKnownFileType = sourcecode.swift; path = AddItemTableViewController.swift; sourceTree = "<group>"; };
		DC955D432153D90A00E3E147 /* ChecklistItem.swift */ = {isa = PBXFileReference; lastKnownFileType = sourcecode.swift; path = ChecklistItem.swift; sourceTree = "<group>"; };
		DCE0312A21546FF500477AB7 /* Todolist.swift */ = {isa = PBXFileReference; lastKnownFileType = sourcecode.swift; path = Todolist.swift; sourceTree = "<group>"; };
/* End PBXFileReference section */

/* Begin PBXFrameworksBuildPhase section */
		DC6A4D2721532BCF006038B8 /* Frameworks */ = {
			isa = PBXFrameworksBuildPhase;
			buildActionMask = 2147483647;
			files = (
				D8DDF3F0E3ED26826146C8D4 /* Pods_Checklist.framework in Frameworks */,
			);
			runOnlyForDeploymentPostprocessing = 0;
		};
/* End PBXFrameworksBuildPhase section */

/* Begin PBXGroup section */
		BFE6E01C76524ACC9D33BF51 /* Frameworks */ = {
			isa = PBXGroup;
			children = (
				17DBBDACC8FAA11F8154A5BF /* Pods_Checklist.framework */,
			);
			name = Frameworks;
			sourceTree = "<group>";
		};
		DC6A4D2121532BCF006038B8 = {
			isa = PBXGroup;
			children = (
				DC6A4D2C21532BCF006038B8 /* Checklist */,
				DC6A4D2B21532BCF006038B8 /* Products */,
				FEA640048D556B38925D042A /* Pods */,
				BFE6E01C76524ACC9D33BF51 /* Frameworks */,
			);
			sourceTree = "<group>";
		};
		DC6A4D2B21532BCF006038B8 /* Products */ = {
			isa = PBXGroup;
			children = (
				DC6A4D2A21532BCF006038B8 /* Checklist.app */,
			);
			name = Products;
			sourceTree = "<group>";
		};
		DC6A4D2C21532BCF006038B8 /* Checklist */ = {
			isa = PBXGroup;
			children = (
				DC6A4D2D21532BCF006038B8 /* AppDelegate.swift */,
				DC955D422153D8F300E3E147 /* Model */,
				DC6A4D2F21532BCF006038B8 /* ChecklistViewController.swift */,
				DC8AB24521564346009FED65 /* AddItemTableViewController.swift */,
				DC6A4D3121532BCF006038B8 /* Main.storyboard */,
				DC6A4D3421532BD0006038B8 /* Assets.xcassets */,
				DC6A4D3621532BD0006038B8 /* LaunchScreen.storyboard */,
				DC6A4D3921532BD0006038B8 /* Info.plist */,
			);
			path = Checklist;
			sourceTree = "<group>";
		};
		DC955D422153D8F300E3E147 /* Model */ = {
			isa = PBXGroup;
			children = (
				DC955D432153D90A00E3E147 /* ChecklistItem.swift */,
				DCE0312A21546FF500477AB7 /* Todolist.swift */,
			);
			path = Model;
			sourceTree = "<group>";
		};
		FEA640048D556B38925D042A /* Pods */ = {
			isa = PBXGroup;
			children = (
				285CE4ADEA3E1C1030B33F1D /* Pods-Checklist.debug.xcconfig */,
				2B6DC592E389FBC5E87A5B6C /* Pods-Checklist.release.xcconfig */,
			);
			path = Pods;
			sourceTree = "<group>";
		};
/* End PBXGroup section */

/* Begin PBXNativeTarget section */
		DC6A4D2921532BCF006038B8 /* Checklist */ = {
			isa = PBXNativeTarget;
			buildConfigurationList = DC6A4D3C21532BD0006038B8 /* Build configuration list for PBXNativeTarget "Checklist" */;
			buildPhases = (
				DCE56E7F2157EB8A00FD8575 /* SwiftLint */,
				E449989FB65A3FE26209EB13 /* [CP] Check Pods Manifest.lock */,
				DC6A4D2621532BCF006038B8 /* Sources */,
				DC6A4D2721532BCF006038B8 /* Frameworks */,
				DC6A4D2821532BCF006038B8 /* Resources */,
			);
			buildRules = (
			);
			dependencies = (
			);
			name = Checklist;
			productName = Checklist;
			productReference = DC6A4D2A21532BCF006038B8 /* Checklist.app */;
			productType = "com.apple.product-type.application";
		};
/* End PBXNativeTarget section */

/* Begin PBXProject section */
		DC6A4D2221532BCF006038B8 /* Project object */ = {
			isa = PBXProject;
			attributes = {
				LastSwiftUpdateCheck = 1000;
				LastUpgradeCheck = 1000;
				ORGANIZATIONNAME = "John Martin";
				TargetAttributes = {
					DC6A4D2921532BCF006038B8 = {
						CreatedOnToolsVersion = 10.0;
					};
				};
			};
			buildConfigurationList = DC6A4D2521532BCF006038B8 /* Build configuration list for PBXProject "Checklist" */;
			compatibilityVersion = "Xcode 9.3";
			developmentRegion = en;
			hasScannedForEncodings = 0;
			knownRegions = (
				en,
				Base,
			);
			mainGroup = DC6A4D2121532BCF006038B8;
			productRefGroup = DC6A4D2B21532BCF006038B8 /* Products */;
			projectDirPath = "";
			projectRoot = "";
			targets = (
				DC6A4D2921532BCF006038B8 /* Checklist */,
			);
		};
/* End PBXProject section */

/* Begin PBXResourcesBuildPhase section */
		DC6A4D2821532BCF006038B8 /* Resources */ = {
			isa = PBXResourcesBuildPhase;
			buildActionMask = 2147483647;
			files = (
				DC6A4D3821532BD0006038B8 /* LaunchScreen.storyboard in Resources */,
				DC6A4D3521532BD0006038B8 /* Assets.xcassets in Resources */,
				DC6A4D3321532BCF006038B8 /* Main.storyboard in Resources */,
			);
			runOnlyForDeploymentPostprocessing = 0;
		};
/* End PBXResourcesBuildPhase section */

/* Begin PBXShellScriptBuildPhase section */
		DCE56E7F2157EB8A00FD8575 /* SwiftLint */ = {
			isa = PBXShellScriptBuildPhase;
			buildActionMask = 2147483647;
			files = (
			);
			inputFileListPaths = (
			);
			inputPaths = (
			);
			name = SwiftLint;
			outputFileListPaths = (
			);
			outputPaths = (
			);
			runOnlyForDeploymentPostprocessing = 0;
			shellPath = /bin/sh;
			shellScript = "\"${PODS_ROOT}/SwiftLint/swiftlint\"\n";
		};
		E449989FB65A3FE26209EB13 /* [CP] Check Pods Manifest.lock */ = {
			isa = PBXShellScriptBuildPhase;
			buildActionMask = 2147483647;
			files = (
			);
			inputFileListPaths = (
			);
			inputPaths = (
				"${PODS_PODFILE_DIR_PATH}/Podfile.lock",
				"${PODS_ROOT}/Manifest.lock",
			);
			name = "[CP] Check Pods Manifest.lock";
			outputFileListPaths = (
			);
			outputPaths = (
				"$(DERIVED_FILE_DIR)/Pods-Checklist-checkManifestLockResult.txt",
			);
			runOnlyForDeploymentPostprocessing = 0;
			shellPath = /bin/sh;
			shellScript = "diff \"${PODS_PODFILE_DIR_PATH}/Podfile.lock\" \"${PODS_ROOT}/Manifest.lock\" > /dev/null\nif [ $? != 0 ] ; then\n    # print error to STDERR\n    echo \"error: The sandbox is not in sync with the Podfile.lock. Run 'pod install' or update your CocoaPods installation.\" >&2\n    exit 1\nfi\n# This output is used by Xcode 'outputs' to avoid re-running this script phase.\necho \"SUCCESS\" > \"${SCRIPT_OUTPUT_FILE_0}\"\n";
			showEnvVarsInLog = 0;
		};
/* End PBXShellScriptBuildPhase section */

/* Begin PBXSourcesBuildPhase section */
		DC6A4D2621532BCF006038B8 /* Sources */ = {
			isa = PBXSourcesBuildPhase;
			buildActionMask = 2147483647;
			files = (
				DC6A4D3021532BCF006038B8 /* ChecklistViewController.swift in Sources */,
				DC8AB24621564346009FED65 /* AddItemTableViewController.swift in Sources */,
				DC955D442153D90A00E3E147 /* ChecklistItem.swift in Sources */,
				DC6A4D2E21532BCF006038B8 /* AppDelegate.swift in Sources */,
				DCE0312B21546FF500477AB7 /* Todolist.swift in Sources */,
			);
			runOnlyForDeploymentPostprocessing = 0;
		};
/* End PBXSourcesBuildPhase section */

/* Begin PBXVariantGroup section */
		DC6A4D3121532BCF006038B8 /* Main.storyboard */ = {
			isa = PBXVariantGroup;
			children = (
				DC6A4D3221532BCF006038B8 /* Base */,
			);
			name = Main.storyboard;
			sourceTree = "<group>";
		};
		DC6A4D3621532BD0006038B8 /* LaunchScreen.storyboard */ = {
			isa = PBXVariantGroup;
			children = (
				DC6A4D3721532BD0006038B8 /* Base */,
			);
			name = LaunchScreen.storyboard;
			sourceTree = "<group>";
		};
/* End PBXVariantGroup section */

/* Begin XCBuildConfiguration section */
		DC6A4D3A21532BD0006038B8 /* Debug */ = {
			isa = XCBuildConfiguration;
			buildSettings = {
				ALWAYS_SEARCH_USER_PATHS = NO;
				CLANG_ANALYZER_NONNULL = YES;
				CLANG_ANALYZER_NUMBER_OBJECT_CONVERSION = YES_AGGRESSIVE;
				CLANG_CXX_LANGUAGE_STANDARD = "gnu++14";
				CLANG_CXX_LIBRARY = "libc++";
				CLANG_ENABLE_MODULES = YES;
				CLANG_ENABLE_OBJC_ARC = YES;
				CLANG_ENABLE_OBJC_WEAK = YES;
				CLANG_WARN_BLOCK_CAPTURE_AUTORELEASING = YES;
				CLANG_WARN_BOOL_CONVERSION = YES;
				CLANG_WARN_COMMA = YES;
				CLANG_WARN_CONSTANT_CONVERSION = YES;
				CLANG_WARN_DEPRECATED_OBJC_IMPLEMENTATIONS = YES;
				CLANG_WARN_DIRECT_OBJC_ISA_USAGE = YES_ERROR;
				CLANG_WARN_DOCUMENTATION_COMMENTS = YES;
				CLANG_WARN_EMPTY_BODY = YES;
				CLANG_WARN_ENUM_CONVERSION = YES;
				CLANG_WARN_INFINITE_RECURSION = YES;
				CLANG_WARN_INT_CONVERSION = YES;
				CLANG_WARN_NON_LITERAL_NULL_CONVERSION = YES;
				CLANG_WARN_OBJC_IMPLICIT_RETAIN_SELF = YES;
				CLANG_WARN_OBJC_LITERAL_CONVERSION = YES;
				CLANG_WARN_OBJC_ROOT_CLASS = YES_ERROR;
				CLANG_WARN_RANGE_LOOP_ANALYSIS = YES;
				CLANG_WARN_STRICT_PROTOTYPES = YES;
				CLANG_WARN_SUSPICIOUS_MOVE = YES;
				CLANG_WARN_UNGUARDED_AVAILABILITY = YES_AGGRESSIVE;
				CLANG_WARN_UNREACHABLE_CODE = YES;
				CLANG_WARN__DUPLICATE_METHOD_MATCH = YES;
				CODE_SIGN_IDENTITY = "iPhone Developer";
				COPY_PHASE_STRIP = NO;
				DEBUG_ACTIVITY_MODE = "";
				"DEBUG_ACTIVITY_MODE[sdk=iphonesimulator*]" = disable;
				DEBUG_INFORMATION_FORMAT = dwarf;
				ENABLE_STRICT_OBJC_MSGSEND = YES;
				ENABLE_TESTABILITY = YES;
				GCC_C_LANGUAGE_STANDARD = gnu11;
				GCC_DYNAMIC_NO_PIC = NO;
				GCC_NO_COMMON_BLOCKS = YES;
				GCC_OPTIMIZATION_LEVEL = 0;
				GCC_PREPROCESSOR_DEFINITIONS = (
					"DEBUG=1",
					"$(inherited)",
				);
				GCC_WARN_64_TO_32_BIT_CONVERSION = YES;
				GCC_WARN_ABOUT_RETURN_TYPE = YES_ERROR;
				GCC_WARN_UNDECLARED_SELECTOR = YES;
				GCC_WARN_UNINITIALIZED_AUTOS = YES_AGGRESSIVE;
				GCC_WARN_UNUSED_FUNCTION = YES;
				GCC_WARN_UNUSED_VARIABLE = YES;
				IPHONEOS_DEPLOYMENT_TARGET = 12.0;
				MTL_ENABLE_DEBUG_INFO = INCLUDE_SOURCE;
				MTL_FAST_MATH = YES;
				ONLY_ACTIVE_ARCH = YES;
				SDKROOT = iphoneos;
				SWIFT_ACTIVE_COMPILATION_CONDITIONS = DEBUG;
				SWIFT_OPTIMIZATION_LEVEL = "-Onone";
			};
			name = Debug;
		};
		DC6A4D3B21532BD0006038B8 /* Release */ = {
			isa = XCBuildConfiguration;
			buildSettings = {
				ALWAYS_SEARCH_USER_PATHS = NO;
				CLANG_ANALYZER_NONNULL = YES;
				CLANG_ANALYZER_NUMBER_OBJECT_CONVERSION = YES_AGGRESSIVE;
				CLANG_CXX_LANGUAGE_STANDARD = "gnu++14";
				CLANG_CXX_LIBRARY = "libc++";
				CLANG_ENABLE_MODULES = YES;
				CLANG_ENABLE_OBJC_ARC = YES;
				CLANG_ENABLE_OBJC_WEAK = YES;
				CLANG_WARN_BLOCK_CAPTURE_AUTORELEASING = YES;
				CLANG_WARN_BOOL_CONVERSION = YES;
				CLANG_WARN_COMMA = YES;
				CLANG_WARN_CONSTANT_CONVERSION = YES;
				CLANG_WARN_DEPRECATED_OBJC_IMPLEMENTATIONS = YES;
				CLANG_WARN_DIRECT_OBJC_ISA_USAGE = YES_ERROR;
				CLANG_WARN_DOCUMENTATION_COMMENTS = YES;
				CLANG_WARN_EMPTY_BODY = YES;
				CLANG_WARN_ENUM_CONVERSION = YES;
				CLANG_WARN_INFINITE_RECURSION = YES;
				CLANG_WARN_INT_CONVERSION = YES;
				CLANG_WARN_NON_LITERAL_NULL_CONVERSION = YES;
				CLANG_WARN_OBJC_IMPLICIT_RETAIN_SELF = YES;
				CLANG_WARN_OBJC_LITERAL_CONVERSION = YES;
				CLANG_WARN_OBJC_ROOT_CLASS = YES_ERROR;
				CLANG_WARN_RANGE_LOOP_ANALYSIS = YES;
				CLANG_WARN_STRICT_PROTOTYPES = YES;
				CLANG_WARN_SUSPICIOUS_MOVE = YES;
				CLANG_WARN_UNGUARDED_AVAILABILITY = YES_AGGRESSIVE;
				CLANG_WARN_UNREACHABLE_CODE = YES;
				CLANG_WARN__DUPLICATE_METHOD_MATCH = YES;
				CODE_SIGN_IDENTITY = "iPhone Developer";
				COPY_PHASE_STRIP = NO;
				DEBUG_ACTIVITY_MODE = "";
				DEBUG_INFORMATION_FORMAT = "dwarf-with-dsym";
				ENABLE_NS_ASSERTIONS = NO;
				ENABLE_STRICT_OBJC_MSGSEND = YES;
				GCC_C_LANGUAGE_STANDARD = gnu11;
				GCC_NO_COMMON_BLOCKS = YES;
				GCC_WARN_64_TO_32_BIT_CONVERSION = YES;
				GCC_WARN_ABOUT_RETURN_TYPE = YES_ERROR;
				GCC_WARN_UNDECLARED_SELECTOR = YES;
				GCC_WARN_UNINITIALIZED_AUTOS = YES_AGGRESSIVE;
				GCC_WARN_UNUSED_FUNCTION = YES;
				GCC_WARN_UNUSED_VARIABLE = YES;
				IPHONEOS_DEPLOYMENT_TARGET = 12.0;
				MTL_ENABLE_DEBUG_INFO = NO;
				MTL_FAST_MATH = YES;
				SDKROOT = iphoneos;
				SWIFT_COMPILATION_MODE = wholemodule;
				SWIFT_OPTIMIZATION_LEVEL = "-O";
				VALIDATE_PRODUCT = YES;
			};
			name = Release;
		};
		DC6A4D3D21532BD0006038B8 /* Debug */ = {
			isa = XCBuildConfiguration;
			baseConfigurationReference = 285CE4ADEA3E1C1030B33F1D /* Pods-Checklist.debug.xcconfig */;
			buildSettings = {
				ASSETCATALOG_COMPILER_APPICON_NAME = AppIcon;
				CODE_SIGN_STYLE = Automatic;
				DEVELOPMENT_TEAM = K8DNC7F7PU;
				INFOPLIST_FILE = Checklist/Info.plist;
				LD_RUNPATH_SEARCH_PATHS = (
					"$(inherited)",
					"@executable_path/Frameworks",
				);
				PRODUCT_BUNDLE_IDENTIFIER = com.JohnMartin.Checklist;
				PRODUCT_NAME = "$(TARGET_NAME)";
				SWIFT_VERSION = 4.2;
				TARGETED_DEVICE_FAMILY = "1,2";
			};
			name = Debug;
		};
		DC6A4D3E21532BD0006038B8 /* Release */ = {
			isa = XCBuildConfiguration;
			baseConfigurationReference = 2B6DC592E389FBC5E87A5B6C /* Pods-Checklist.release.xcconfig */;
			buildSettings = {
				ASSETCATALOG_COMPILER_APPICON_NAME = AppIcon;
				CODE_SIGN_STYLE = Automatic;
				DEVELOPMENT_TEAM = K8DNC7F7PU;
				INFOPLIST_FILE = Checklist/Info.plist;
				LD_RUNPATH_SEARCH_PATHS = (
					"$(inherited)",
					"@executable_path/Frameworks",
				);
				PRODUCT_BUNDLE_IDENTIFIER = com.JohnMartin.Checklist;
				PRODUCT_NAME = "$(TARGET_NAME)";
				SWIFT_VERSION = 4.2;
				TARGETED_DEVICE_FAMILY = "1,2";
			};
			name = Release;
		};
/* End XCBuildConfiguration section */

/* Begin XCConfigurationList section */
		DC6A4D2521532BCF006038B8 /* Build configuration list for PBXProject "Checklist" */ = {
			isa = XCConfigurationList;
			buildConfigurations = (
				DC6A4D3A21532BD0006038B8 /* Debug */,
				DC6A4D3B21532BD0006038B8 /* Release */,
			);
			defaultConfigurationIsVisible = 0;
			defaultConfigurationName = Release;
		};
		DC6A4D3C21532BD0006038B8 /* Build configuration list for PBXNativeTarget "Checklist" */ = {
			isa = XCConfigurationList;
			buildConfigurations = (
				DC6A4D3D21532BD0006038B8 /* Debug */,
				DC6A4D3E21532BD0006038B8 /* Release */,
			);
			defaultConfigurationIsVisible = 0;
			defaultConfigurationName = Release;
		};
/* End XCConfigurationList section */
	};
	rootObject = DC6A4D2221532BCF006038B8 /* Project object */;
}
